
Microsoft Visual Studio Solution File, Format Version 12.00
# Visual Studio Version 17
VisualStudioVersion = 17.13.35825.156
MinimumVisualStudioVersion = 10.0.40219.1
Project("{FAE04EC0-301F-11D3-BF4B-00C04F79EFBC}") = "ItaliaPizza.Server", "ItaliaPizza.Server\ItaliaPizza.Server.csproj", "{AB686E1E-267E-463D-A5E3-12960A67F0D1}"
EndProject
Project("{FAE04EC0-301F-11D3-BF4B-00C04F79EFBC}") = "ItaliaPizza.Cliente", "ItaliaPizza.Cliente\ItaliaPizza.Cliente.csproj", "{2C157B5C-DEC0-AE68-2DB4-02D989E0289A}"
EndProject
Global
	GlobalSection(SolutionConfigurationPlatforms) = preSolution
		Debug|Any CPU = Debug|Any CPU
		Release|Any CPU = Release|Any CPU
	EndGlobalSection
	GlobalSection(ProjectConfigurationPlatforms) = postSolution
		{AB686E1E-267E-463D-A5E3-12960A67F0D1}.Debug|Any CPU.ActiveCfg = Debug|Any CPU
		{AB686E1E-267E-463D-A5E3-12960A67F0D1}.Debug|Any CPU.Build.0 = Debug|Any CPU
		{AB686E1E-267E-463D-A5E3-12960A67F0D1}.Release|Any CPU.ActiveCfg = Release|Any CPU
		{AB686E1E-267E-463D-A5E3-12960A67F0D1}.Release|Any CPU.Build.0 = Release|Any CPU
		{2C157B5C-DEC0-AE68-2DB4-02D989E0289A}.Debug|Any CPU.ActiveCfg = Debug|Any CPU
		{2C157B5C-DEC0-AE68-2DB4-02D989E0289A}.Debug|Any CPU.Build.0 = Debug|Any CPU
		{2C157B5C-DEC0-AE68-2DB4-02D989E0289A}.Release|Any CPU.ActiveCfg = Release|Any CPU
		{2C157B5C-DEC0-AE68-2DB4-02D989E0289A}.Release|Any CPU.Build.0 = Release|Any CPU
	EndGlobalSection
	GlobalSection(SolutionProperties) = preSolution
		HideSolutionNode = FALSE
	EndGlobalSection
	GlobalSection(ExtensibilityGlobals) = postSolution
		SolutionGuid = {B3D8FB96-65EE-4659-935A-AF574D53C336}
	EndGlobalSection
EndGlobal
